// !$*UTF8*$!
{
	archiveVersion = 1;
	classes = {
	};
	objectVersion = 56;
	objects = {

/* Begin PBXBuildFile section */
		690A256329CF78280027953E /* HexagonParameters.swift in Sources */ = {isa = PBXBuildFile; fileRef = 690A256229CF78280027953E /* HexagonParameters.swift */; };
		690A256529CF81560027953E /* BadgeBackground.swift in Sources */ = {isa = PBXBuildFile; fileRef = 690A256429CF81560027953E /* BadgeBackground.swift */; };
		695739A129CFAB52001B0E15 /* FavouriteButton.swift in Sources */ = {isa = PBXBuildFile; fileRef = 695739A029CFAB52001B0E15 /* FavouriteButton.swift */; };
		699C298C29CA55DC0078BA26 /* LandmarksApp.swift in Sources */ = {isa = PBXBuildFile; fileRef = 699C298B29CA55DC0078BA26 /* LandmarksApp.swift */; };
		699C298E29CA55DC0078BA26 /* ContentView.swift in Sources */ = {isa = PBXBuildFile; fileRef = 699C298D29CA55DC0078BA26 /* ContentView.swift */; };
		699C299029CA55DE0078BA26 /* Assets.xcassets in Resources */ = {isa = PBXBuildFile; fileRef = 699C298F29CA55DE0078BA26 /* Assets.xcassets */; };
		699C299329CA55DE0078BA26 /* Preview Assets.xcassets in Resources */ = {isa = PBXBuildFile; fileRef = 699C299229CA55DE0078BA26 /* Preview Assets.xcassets */; };
		699C29B629CA63570078BA26 /* CircleImage.swift in Sources */ = {isa = PBXBuildFile; fileRef = 699C29B529CA63570078BA26 /* CircleImage.swift */; };
		699C29B829CA64720078BA26 /* MapView.swift in Sources */ = {isa = PBXBuildFile; fileRef = 699C29B729CA64720078BA26 /* MapView.swift */; };
		699C29BA29CBA67D0078BA26 /* landmarkData.json in Resources */ = {isa = PBXBuildFile; fileRef = 699C29B929CBA67D0078BA26 /* landmarkData.json */; };
		699C29BC29CBA6F10078BA26 /* Landmark.swift in Sources */ = {isa = PBXBuildFile; fileRef = 699C29BB29CBA6F10078BA26 /* Landmark.swift */; };
		699C29BE29CBA9410078BA26 /* ModelData.swift in Sources */ = {isa = PBXBuildFile; fileRef = 699C29BD29CBA9410078BA26 /* ModelData.swift */; };
		699C29C329CBB54A0078BA26 /* LandmarkRow.swift in Sources */ = {isa = PBXBuildFile; fileRef = 699C29C229CBB54A0078BA26 /* LandmarkRow.swift */; };
		699C29C529CBB7EC0078BA26 /* LandmarksList.swift in Sources */ = {isa = PBXBuildFile; fileRef = 699C29C429CBB7EC0078BA26 /* LandmarksList.swift */; };
		699C29C729CBB9850078BA26 /* LandmarkDetail.swift in Sources */ = {isa = PBXBuildFile; fileRef = 699C29C629CBB9850078BA26 /* LandmarkDetail.swift */; };
		699EF75629CFA31300C690AC /* BadgeSymbol.swift in Sources */ = {isa = PBXBuildFile; fileRef = 699EF75529CFA31300C690AC /* BadgeSymbol.swift */; };
		69E2DA3B29CFAF8900A35FA0 /* RotatedBadgeSymbol.swift in Sources */ = {isa = PBXBuildFile; fileRef = 69E2DA3A29CFAF8900A35FA0 /* RotatedBadgeSymbol.swift */; };
		69E2DA3D29CFB01E00A35FA0 /* Badge.swift in Sources */ = {isa = PBXBuildFile; fileRef = 69E2DA3C29CFB01E00A35FA0 /* Badge.swift */; };
/* End PBXBuildFile section */

/* Begin PBXContainerItemProxy section */
		699C299929CA55DF0078BA26 /* PBXContainerItemProxy */ = {
			isa = PBXContainerItemProxy;
			containerPortal = 699C298029CA55DC0078BA26 /* Project object */;
			proxyType = 1;
			remoteGlobalIDString = 699C298729CA55DC0078BA26;
			remoteInfo = Landmarks;
		};
		699C29A329CA55DF0078BA26 /* PBXContainerItemProxy */ = {
			isa = PBXContainerItemProxy;
			containerPortal = 699C298029CA55DC0078BA26 /* Project object */;
			proxyType = 1;
			remoteGlobalIDString = 699C298729CA55DC0078BA26;
			remoteInfo = Landmarks;
		};
/* End PBXContainerItemProxy section */

/* Begin PBXFileReference section */
		690A256229CF78280027953E /* HexagonParameters.swift */ = {isa = PBXFileReference; lastKnownFileType = sourcecode.swift; path = HexagonParameters.swift; sourceTree = "<group>"; };
		690A256429CF81560027953E /* BadgeBackground.swift */ = {isa = PBXFileReference; lastKnownFileType = sourcecode.swift; path = BadgeBackground.swift; sourceTree = "<group>"; };
		695739A029CFAB52001B0E15 /* FavouriteButton.swift */ = {isa = PBXFileReference; lastKnownFileType = sourcecode.swift; path = FavouriteButton.swift; sourceTree = "<group>"; };
		699C298829CA55DC0078BA26 /* Landmarks.app */ = {isa = PBXFileReference; explicitFileType = wrapper.application; includeInIndex = 0; path = Landmarks.app; sourceTree = BUILT_PRODUCTS_DIR; };
		699C298B29CA55DC0078BA26 /* LandmarksApp.swift */ = {isa = PBXFileReference; lastKnownFileType = sourcecode.swift; path = LandmarksApp.swift; sourceTree = "<group>"; };
		699C298D29CA55DC0078BA26 /* ContentView.swift */ = {isa = PBXFileReference; lastKnownFileType = sourcecode.swift; path = ContentView.swift; sourceTree = "<group>"; };
		699C298F29CA55DE0078BA26 /* Assets.xcassets */ = {isa = PBXFileReference; lastKnownFileType = folder.assetcatalog; path = Assets.xcassets; sourceTree = "<group>"; };
		699C299229CA55DE0078BA26 /* Preview Assets.xcassets */ = {isa = PBXFileReference; lastKnownFileType = folder.assetcatalog; path = "Preview Assets.xcassets"; sourceTree = "<group>"; };
		699C299829CA55DF0078BA26 /* LandmarksTests.xctest */ = {isa = PBXFileReference; explicitFileType = wrapper.cfbundle; includeInIndex = 0; path = LandmarksTests.xctest; sourceTree = BUILT_PRODUCTS_DIR; };
		699C29A229CA55DF0078BA26 /* LandmarksUITests.xctest */ = {isa = PBXFileReference; explicitFileType = wrapper.cfbundle; includeInIndex = 0; path = LandmarksUITests.xctest; sourceTree = BUILT_PRODUCTS_DIR; };
		699C29B529CA63570078BA26 /* CircleImage.swift */ = {isa = PBXFileReference; lastKnownFileType = sourcecode.swift; path = CircleImage.swift; sourceTree = "<group>"; };
		699C29B729CA64720078BA26 /* MapView.swift */ = {isa = PBXFileReference; lastKnownFileType = sourcecode.swift; path = MapView.swift; sourceTree = "<group>"; };
		699C29B929CBA67D0078BA26 /* landmarkData.json */ = {isa = PBXFileReference; fileEncoding = 4; lastKnownFileType = text.json; path = landmarkData.json; sourceTree = "<group>"; };
		699C29BB29CBA6F10078BA26 /* Landmark.swift */ = {isa = PBXFileReference; lastKnownFileType = sourcecode.swift; path = Landmark.swift; sourceTree = "<group>"; };
		699C29BD29CBA9410078BA26 /* ModelData.swift */ = {isa = PBXFileReference; lastKnownFileType = sourcecode.swift; path = ModelData.swift; sourceTree = "<group>"; };
		699C29C229CBB54A0078BA26 /* LandmarkRow.swift */ = {isa = PBXFileReference; lastKnownFileType = sourcecode.swift; path = LandmarkRow.swift; sourceTree = "<group>"; };
		699C29C429CBB7EC0078BA26 /* LandmarksList.swift */ = {isa = PBXFileReference; lastKnownFileType = sourcecode.swift; path = LandmarksList.swift; sourceTree = "<group>"; };
		699C29C629CBB9850078BA26 /* LandmarkDetail.swift */ = {isa = PBXFileReference; lastKnownFileType = sourcecode.swift; path = LandmarkDetail.swift; sourceTree = "<group>"; };
		699EF75529CFA31300C690AC /* BadgeSymbol.swift */ = {isa = PBXFileReference; lastKnownFileType = sourcecode.swift; path = BadgeSymbol.swift; sourceTree = "<group>"; };
		69E2DA3A29CFAF8900A35FA0 /* RotatedBadgeSymbol.swift */ = {isa = PBXFileReference; lastKnownFileType = sourcecode.swift; path = RotatedBadgeSymbol.swift; sourceTree = "<group>"; };
		69E2DA3C29CFB01E00A35FA0 /* Badge.swift */ = {isa = PBXFileReference; lastKnownFileType = sourcecode.swift; path = Badge.swift; sourceTree = "<group>"; };
/* End PBXFileReference section */

/* Begin PBXFrameworksBuildPhase section */
		699C298529CA55DC0078BA26 /* Frameworks */ = {
			isa = PBXFrameworksBuildPhase;
			buildActionMask = 2147483647;
			files = (
			);
			runOnlyForDeploymentPostprocessing = 0;
		};
		699C299529CA55DF0078BA26 /* Frameworks */ = {
			isa = PBXFrameworksBuildPhase;
			buildActionMask = 2147483647;
			files = (
			);
			runOnlyForDeploymentPostprocessing = 0;
		};
		699C299F29CA55DF0078BA26 /* Frameworks */ = {
			isa = PBXFrameworksBuildPhase;
			buildActionMask = 2147483647;
			files = (
			);
			runOnlyForDeploymentPostprocessing = 0;
		};
/* End PBXFrameworksBuildPhase section */

/* Begin PBXGroup section */
		690A256029CF71040027953E /* Helpers */ = {
			isa = PBXGroup;
			children = (
				699C29B529CA63570078BA26 /* CircleImage.swift */,
				695739A029CFAB52001B0E15 /* FavouriteButton.swift */,
				699C29B729CA64720078BA26 /* MapView.swift */,
			);
			path = Helpers;
			sourceTree = "<group>";
		};
		690A256129CF71190027953E /* Landmarks */ = {
			isa = PBXGroup;
			children = (
				699C29C629CBB9850078BA26 /* LandmarkDetail.swift */,
				699C29C429CBB7EC0078BA26 /* LandmarksList.swift */,
				699C29C229CBB54A0078BA26 /* LandmarkRow.swift */,
			);
			path = Landmarks;
			sourceTree = "<group>";
		};
		699C297F29CA55DC0078BA26 = {
			isa = PBXGroup;
			children = (
				699C298A29CA55DC0078BA26 /* Landmarks */,
				699C298929CA55DC0078BA26 /* Products */,
			);
			sourceTree = "<group>";
		};
		699C298929CA55DC0078BA26 /* Products */ = {
			isa = PBXGroup;
			children = (
				699C298829CA55DC0078BA26 /* Landmarks.app */,
				699C299829CA55DF0078BA26 /* LandmarksTests.xctest */,
				699C29A229CA55DF0078BA26 /* LandmarksUITests.xctest */,
			);
			name = Products;
			sourceTree = "<group>";
		};
		699C298A29CA55DC0078BA26 /* Landmarks */ = {
			isa = PBXGroup;
			children = (
				699C298B29CA55DC0078BA26 /* LandmarksApp.swift */,
				699C29BF29CBAF1F0078BA26 /* Views */,
				699C29C129CBAFDB0078BA26 /* Model */,
				699C29C029CBAF7E0078BA26 /* Resources */,
				699C298F29CA55DE0078BA26 /* Assets.xcassets */,
				699C299129CA55DE0078BA26 /* Preview Content */,
			);
			path = Landmarks;
			sourceTree = "<group>";
		};
		699C299129CA55DE0078BA26 /* Preview Content */ = {
			isa = PBXGroup;
			children = (
				699C299229CA55DE0078BA26 /* Preview Assets.xcassets */,
			);
			path = "Preview Content";
			sourceTree = "<group>";
		};
		699C29BF29CBAF1F0078BA26 /* Views */ = {
			isa = PBXGroup;
			children = (
				699C298D29CA55DC0078BA26 /* ContentView.swift */,
				69E2DA3929CFAF3F00A35FA0 /* Badges */,
				690A256129CF71190027953E /* Landmarks */,
				690A256029CF71040027953E /* Helpers */,
			);
			path = Views;
			sourceTree = "<group>";
		};
		699C29C029CBAF7E0078BA26 /* Resources */ = {
			isa = PBXGroup;
			children = (
				699C29B929CBA67D0078BA26 /* landmarkData.json */,
			);
			path = Resources;
			sourceTree = "<group>";
		};
		699C29C129CBAFDB0078BA26 /* Model */ = {
			isa = PBXGroup;
			children = (
				699C29BB29CBA6F10078BA26 /* Landmark.swift */,
				699C29BD29CBA9410078BA26 /* ModelData.swift */,
			);
			path = Model;
			sourceTree = "<group>";
		};
		69E2DA3929CFAF3F00A35FA0 /* Badges */ = {
			isa = PBXGroup;
			children = (
				690A256429CF81560027953E /* BadgeBackground.swift */,
				699EF75529CFA31300C690AC /* BadgeSymbol.swift */,
				690A256229CF78280027953E /* HexagonParameters.swift */,
				69E2DA3A29CFAF8900A35FA0 /* RotatedBadgeSymbol.swift */,
				69E2DA3C29CFB01E00A35FA0 /* Badge.swift */,
			);
			path = Badges;
			sourceTree = "<group>";
		};
/* End PBXGroup section */

/* Begin PBXNativeTarget section */
		699C298729CA55DC0078BA26 /* Landmarks */ = {
			isa = PBXNativeTarget;
			buildConfigurationList = 699C29AC29CA55DF0078BA26 /* Build configuration list for PBXNativeTarget "Landmarks" */;
			buildPhases = (
				699C298429CA55DC0078BA26 /* Sources */,
				699C298529CA55DC0078BA26 /* Frameworks */,
				699C298629CA55DC0078BA26 /* Resources */,
			);
			buildRules = (
			);
			dependencies = (
			);
			name = Landmarks;
			productName = Landmarks;
			productReference = 699C298829CA55DC0078BA26 /* Landmarks.app */;
			productType = "com.apple.product-type.application";
		};
		699C299729CA55DF0078BA26 /* LandmarksTests */ = {
			isa = PBXNativeTarget;
			buildConfigurationList = 699C29AF29CA55DF0078BA26 /* Build configuration list for PBXNativeTarget "LandmarksTests" */;
			buildPhases = (
				699C299429CA55DF0078BA26 /* Sources */,
				699C299529CA55DF0078BA26 /* Frameworks */,
				699C299629CA55DF0078BA26 /* Resources */,
			);
			buildRules = (
			);
			dependencies = (
				699C299A29CA55DF0078BA26 /* PBXTargetDependency */,
			);
			name = LandmarksTests;
			productName = LandmarksTests;
			productReference = 699C299829CA55DF0078BA26 /* LandmarksTests.xctest */;
			productType = "com.apple.product-type.bundle.unit-test";
		};
		699C29A129CA55DF0078BA26 /* LandmarksUITests */ = {
			isa = PBXNativeTarget;
			buildConfigurationList = 699C29B229CA55DF0078BA26 /* Build configuration list for PBXNativeTarget "LandmarksUITests" */;
			buildPhases = (
				699C299E29CA55DF0078BA26 /* Sources */,
				699C299F29CA55DF0078BA26 /* Frameworks */,
				699C29A029CA55DF0078BA26 /* Resources */,
			);
			buildRules = (
			);
			dependencies = (
				699C29A429CA55DF0078BA26 /* PBXTargetDependency */,
			);
			name = LandmarksUITests;
			productName = LandmarksUITests;
			productReference = 699C29A229CA55DF0078BA26 /* LandmarksUITests.xctest */;
			productType = "com.apple.product-type.bundle.ui-testing";
		};
/* End PBXNativeTarget section */

/* Begin PBXProject section */
		699C298029CA55DC0078BA26 /* Project object */ = {
			isa = PBXProject;
			attributes = {
				BuildIndependentTargetsInParallel = 1;
				LastSwiftUpdateCheck = 1420;
				LastUpgradeCheck = 1420;
				TargetAttributes = {
					699C298729CA55DC0078BA26 = {
						CreatedOnToolsVersion = 14.2;
					};
					699C299729CA55DF0078BA26 = {
						CreatedOnToolsVersion = 14.2;
						TestTargetID = 699C298729CA55DC0078BA26;
					};
					699C29A129CA55DF0078BA26 = {
						CreatedOnToolsVersion = 14.2;
						TestTargetID = 699C298729CA55DC0078BA26;
					};
				};
			};
			buildConfigurationList = 699C298329CA55DC0078BA26 /* Build configuration list for PBXProject "Landmarks" */;
			compatibilityVersion = "Xcode 14.0";
			developmentRegion = en;
			hasScannedForEncodings = 0;
			knownRegions = (
				en,
				Base,
			);
			mainGroup = 699C297F29CA55DC0078BA26;
			productRefGroup = 699C298929CA55DC0078BA26 /* Products */;
			projectDirPath = "";
			projectRoot = "";
			targets = (
				699C298729CA55DC0078BA26 /* Landmarks */,
				699C299729CA55DF0078BA26 /* LandmarksTests */,
				699C29A129CA55DF0078BA26 /* LandmarksUITests */,
			);
		};
/* End PBXProject section */

/* Begin PBXResourcesBuildPhase section */
		699C298629CA55DC0078BA26 /* Resources */ = {
			isa = PBXResourcesBuildPhase;
			buildActionMask = 2147483647;
			files = (
				699C299329CA55DE0078BA26 /* Preview Assets.xcassets in Resources */,
				699C299029CA55DE0078BA26 /* Assets.xcassets in Resources */,
				699C29BA29CBA67D0078BA26 /* landmarkData.json in Resources */,
			);
			runOnlyForDeploymentPostprocessing = 0;
		};
		699C299629CA55DF0078BA26 /* Resources */ = {
			isa = PBXResourcesBuildPhase;
			buildActionMask = 2147483647;
			files = (
			);
			runOnlyForDeploymentPostprocessing = 0;
		};
		699C29A029CA55DF0078BA26 /* Resources */ = {
			isa = PBXResourcesBuildPhase;
			buildActionMask = 2147483647;
			files = (
			);
			runOnlyForDeploymentPostprocessing = 0;
		};
/* End PBXResourcesBuildPhase section */

/* Begin PBXSourcesBuildPhase section */
		699C298429CA55DC0078BA26 /* Sources */ = {
			isa = PBXSourcesBuildPhase;
			buildActionMask = 2147483647;
			files = (
				695739A129CFAB52001B0E15 /* FavouriteButton.swift in Sources */,
				69E2DA3D29CFB01E00A35FA0 /* Badge.swift in Sources */,
				699C298E29CA55DC0078BA26 /* ContentView.swift in Sources */,
				699C29B829CA64720078BA26 /* MapView.swift in Sources */,
				699C298C29CA55DC0078BA26 /* LandmarksApp.swift in Sources */,
				699C29B629CA63570078BA26 /* CircleImage.swift in Sources */,
				69E2DA3B29CFAF8900A35FA0 /* RotatedBadgeSymbol.swift in Sources */,
				690A256329CF78280027953E /* HexagonParameters.swift in Sources */,
				699C29C729CBB9850078BA26 /* LandmarkDetail.swift in Sources */,
				690A256529CF81560027953E /* BadgeBackground.swift in Sources */,
				699EF75629CFA31300C690AC /* BadgeSymbol.swift in Sources */,
				699C29BC29CBA6F10078BA26 /* Landmark.swift in Sources */,
				699C29C329CBB54A0078BA26 /* LandmarkRow.swift in Sources */,
				699C29BE29CBA9410078BA26 /* ModelData.swift in Sources */,
				699C29C529CBB7EC0078BA26 /* LandmarksList.swift in Sources */,
			);
			runOnlyForDeploymentPostprocessing = 0;
		};
		699C299429CA55DF0078BA26 /* Sources */ = {
			isa = PBXSourcesBuildPhase;
			buildActionMask = 2147483647;
			files = (
			);
			runOnlyForDeploymentPostprocessing = 0;
		};
		699C299E29CA55DF0078BA26 /* Sources */ = {
			isa = PBXSourcesBuildPhase;
			buildActionMask = 2147483647;
			files = (
			);
			runOnlyForDeploymentPostprocessing = 0;
		};
/* End PBXSourcesBuildPhase section */

/* Begin PBXTargetDependency section */
		699C299A29CA55DF0078BA26 /* PBXTargetDependency */ = {
			isa = PBXTargetDependency;
			target = 699C298729CA55DC0078BA26 /* Landmarks */;
			targetProxy = 699C299929CA55DF0078BA26 /* PBXContainerItemProxy */;
		};
		699C29A429CA55DF0078BA26 /* PBXTargetDependency */ = {
			isa = PBXTargetDependency;
			target = 699C298729CA55DC0078BA26 /* Landmarks */;
			targetProxy = 699C29A329CA55DF0078BA26 /* PBXContainerItemProxy */;
		};
/* End PBXTargetDependency section */

/* Begin XCBuildConfiguration section */
		699C29AA29CA55DF0078BA26 /* Debug */ = {
			isa = XCBuildConfiguration;
			buildSettings = {
				ALWAYS_SEARCH_USER_PATHS = NO;
				CLANG_ANALYZER_NONNULL = YES;
				CLANG_ANALYZER_NUMBER_OBJECT_CONVERSION = YES_AGGRESSIVE;
				CLANG_CXX_LANGUAGE_STANDARD = "gnu++20";
				CLANG_ENABLE_MODULES = YES;
				CLANG_ENABLE_OBJC_ARC = YES;
				CLANG_ENABLE_OBJC_WEAK = YES;
				CLANG_WARN_BLOCK_CAPTURE_AUTORELEASING = YES;
				CLANG_WARN_BOOL_CONVERSION = YES;
				CLANG_WARN_COMMA = YES;
				CLANG_WARN_CONSTANT_CONVERSION = YES;
				CLANG_WARN_DEPRECATED_OBJC_IMPLEMENTATIONS = YES;
				CLANG_WARN_DIRECT_OBJC_ISA_USAGE = YES_ERROR;
				CLANG_WARN_DOCUMENTATION_COMMENTS = YES;
				CLANG_WARN_EMPTY_BODY = YES;
				CLANG_WARN_ENUM_CONVERSION = YES;
				CLANG_WARN_INFINITE_RECURSION = YES;
				CLANG_WARN_INT_CONVERSION = YES;
				CLANG_WARN_NON_LITERAL_NULL_CONVERSION = YES;
				CLANG_WARN_OBJC_IMPLICIT_RETAIN_SELF = YES;
				CLANG_WARN_OBJC_LITERAL_CONVERSION = YES;
				CLANG_WARN_OBJC_ROOT_CLASS = YES_ERROR;
				CLANG_WARN_QUOTED_INCLUDE_IN_FRAMEWORK_HEADER = YES;
				CLANG_WARN_RANGE_LOOP_ANALYSIS = YES;
				CLANG_WARN_STRICT_PROTOTYPES = YES;
				CLANG_WARN_SUSPICIOUS_MOVE = YES;
				CLANG_WARN_UNGUARDED_AVAILABILITY = YES_AGGRESSIVE;
				CLANG_WARN_UNREACHABLE_CODE = YES;
				CLANG_WARN__DUPLICATE_METHOD_MATCH = YES;
				COPY_PHASE_STRIP = NO;
				DEBUG_INFORMATION_FORMAT = dwarf;
				ENABLE_STRICT_OBJC_MSGSEND = YES;
				ENABLE_TESTABILITY = YES;
				GCC_C_LANGUAGE_STANDARD = gnu11;
				GCC_DYNAMIC_NO_PIC = NO;
				GCC_NO_COMMON_BLOCKS = YES;
				GCC_OPTIMIZATION_LEVEL = 0;
				GCC_PREPROCESSOR_DEFINITIONS = (
					"DEBUG=1",
					"$(inherited)",
				);
				GCC_WARN_64_TO_32_BIT_CONVERSION = YES;
				GCC_WARN_ABOUT_RETURN_TYPE = YES_ERROR;
				GCC_WARN_UNDECLARED_SELECTOR = YES;
				GCC_WARN_UNINITIALIZED_AUTOS = YES_AGGRESSIVE;
				GCC_WARN_UNUSED_FUNCTION = YES;
				GCC_WARN_UNUSED_VARIABLE = YES;
				IPHONEOS_DEPLOYMENT_TARGET = 16.0;
				MTL_ENABLE_DEBUG_INFO = INCLUDE_SOURCE;
				MTL_FAST_MATH = YES;
				ONLY_ACTIVE_ARCH = YES;
				SDKROOT = iphoneos;
				SWIFT_ACTIVE_COMPILATION_CONDITIONS = DEBUG;
				SWIFT_OPTIMIZATION_LEVEL = "-Onone";
			};
			name = Debug;
		};
		699C29AB29CA55DF0078BA26 /* Release */ = {
			isa = XCBuildConfiguration;
			buildSettings = {
				ALWAYS_SEARCH_USER_PATHS = NO;
				CLANG_ANALYZER_NONNULL = YES;
				CLANG_ANALYZER_NUMBER_OBJECT_CONVERSION = YES_AGGRESSIVE;
				CLANG_CXX_LANGUAGE_STANDARD = "gnu++20";
				CLANG_ENABLE_MODULES = YES;
				CLANG_ENABLE_OBJC_ARC = YES;
				CLANG_ENABLE_OBJC_WEAK = YES;
				CLANG_WARN_BLOCK_CAPTURE_AUTORELEASING = YES;
				CLANG_WARN_BOOL_CONVERSION = YES;
				CLANG_WARN_COMMA = YES;
				CLANG_WARN_CONSTANT_CONVERSION = YES;
				CLANG_WARN_DEPRECATED_OBJC_IMPLEMENTATIONS = YES;
				CLANG_WARN_DIRECT_OBJC_ISA_USAGE = YES_ERROR;
				CLANG_WARN_DOCUMENTATION_COMMENTS = YES;
				CLANG_WARN_EMPTY_BODY = YES;
				CLANG_WARN_ENUM_CONVERSION = YES;
				CLANG_WARN_INFINITE_RECURSION = YES;
				CLANG_WARN_INT_CONVERSION = YES;
				CLANG_WARN_NON_LITERAL_NULL_CONVERSION = YES;
				CLANG_WARN_OBJC_IMPLICIT_RETAIN_SELF = YES;
				CLANG_WARN_OBJC_LITERAL_CONVERSION = YES;
				CLANG_WARN_OBJC_ROOT_CLASS = YES_ERROR;
				CLANG_WARN_QUOTED_INCLUDE_IN_FRAMEWORK_HEADER = YES;
				CLANG_WARN_RANGE_LOOP_ANALYSIS = YES;
				CLANG_WARN_STRICT_PROTOTYPES = YES;
				CLANG_WARN_SUSPICIOUS_MOVE = YES;
				CLANG_WARN_UNGUARDED_AVAILABILITY = YES_AGGRESSIVE;
				CLANG_WARN_UNREACHABLE_CODE = YES;
				CLANG_WARN__DUPLICATE_METHOD_MATCH = YES;
				COPY_PHASE_STRIP = NO;
				DEBUG_INFORMATION_FORMAT = "dwarf-with-dsym";
				ENABLE_NS_ASSERTIONS = NO;
				ENABLE_STRICT_OBJC_MSGSEND = YES;
				GCC_C_LANGUAGE_STANDARD = gnu11;
				GCC_NO_COMMON_BLOCKS = YES;
				GCC_WARN_64_TO_32_BIT_CONVERSION = YES;
				GCC_WARN_ABOUT_RETURN_TYPE = YES_ERROR;
				GCC_WARN_UNDECLARED_SELECTOR = YES;
				GCC_WARN_UNINITIALIZED_AUTOS = YES_AGGRESSIVE;
				GCC_WARN_UNUSED_FUNCTION = YES;
				GCC_WARN_UNUSED_VARIABLE = YES;
				IPHONEOS_DEPLOYMENT_TARGET = 16.0;
				MTL_ENABLE_DEBUG_INFO = NO;
				MTL_FAST_MATH = YES;
				SDKROOT = iphoneos;
				SWIFT_COMPILATION_MODE = wholemodule;
				SWIFT_OPTIMIZATION_LEVEL = "-O";
				VALIDATE_PRODUCT = YES;
			};
			name = Release;
		};
		699C29AD29CA55DF0078BA26 /* Debug */ = {
			isa = XCBuildConfiguration;
			buildSettings = {
				ASSETCATALOG_COMPILER_APPICON_NAME = AppIcon;
				ASSETCATALOG_COMPILER_GLOBAL_ACCENT_COLOR_NAME = AccentColor;
				CODE_SIGN_STYLE = Automatic;
				CURRENT_PROJECT_VERSION = 1;
				DEVELOPMENT_ASSET_PATHS = "\"Landmarks/Preview Content\"";
				DEVELOPMENT_TEAM = S4U9U9X69Z;
				ENABLE_PREVIEWS = YES;
				GENERATE_INFOPLIST_FILE = YES;
				INFOPLIST_KEY_UIApplicationSceneManifest_Generation = YES;
				INFOPLIST_KEY_UIApplicationSupportsIndirectInputEvents = YES;
				INFOPLIST_KEY_UILaunchScreen_Generation = YES;
				INFOPLIST_KEY_UISupportedInterfaceOrientations_iPad = "UIInterfaceOrientationPortrait UIInterfaceOrientationPortraitUpsideDown UIInterfaceOrientationLandscapeLeft UIInterfaceOrientationLandscapeRight";
				INFOPLIST_KEY_UISupportedInterfaceOrientations_iPhone = "UIInterfaceOrientationPortrait UIInterfaceOrientationLandscapeLeft UIInterfaceOrientationLandscapeRight";
				LD_RUNPATH_SEARCH_PATHS = (
					"$(inherited)",
					"@executable_path/Frameworks",
				);
				MARKETING_VERSION = 1.0;
				PRODUCT_BUNDLE_IDENTIFIER = com.testappcompany.Landmarks;
				PRODUCT_NAME = "$(TARGET_NAME)";
				SWIFT_EMIT_LOC_STRINGS = YES;
				SWIFT_VERSION = 5.0;
				TARGETED_DEVICE_FAMILY = "1,2";
			};
			name = Debug;
		};
		699C29AE29CA55DF0078BA26 /* Release */ = {
			isa = XCBuildConfiguration;
			buildSettings = {
				ASSETCATALOG_COMPILER_APPICON_NAME = AppIcon;
				ASSETCATALOG_COMPILER_GLOBAL_ACCENT_COLOR_NAME = AccentColor;
				CODE_SIGN_STYLE = Automatic;
				CURRENT_PROJECT_VERSION = 1;
				DEVELOPMENT_ASSET_PATHS = "\"Landmarks/Preview Content\"";
				DEVELOPMENT_TEAM = S4U9U9X69Z;
				ENABLE_PREVIEWS = YES;
				GENERATE_INFOPLIST_FILE = YES;
				INFOPLIST_KEY_UIApplicationSceneManifest_Generation = YES;
				INFOPLIST_KEY_UIApplicationSupportsIndirectInputEvents = YES;
				INFOPLIST_KEY_UILaunchScreen_Generation = YES;
				INFOPLIST_KEY_UISupportedInterfaceOrientations_iPad = "UIInterfaceOrientationPortrait UIInterfaceOrientationPortraitUpsideDown UIInterfaceOrientationLandscapeLeft UIInterfaceOrientationLandscapeRight";
				INFOPLIST_KEY_UISupportedInterfaceOrientations_iPhone = "UIInterfaceOrientationPortrait UIInterfaceOrientationLandscapeLeft UIInterfaceOrientationLandscapeRight";
				LD_RUNPATH_SEARCH_PATHS = (
					"$(inherited)",
					"@executable_path/Frameworks",
				);
				MARKETING_VERSION = 1.0;
				PRODUCT_BUNDLE_IDENTIFIER = com.testappcompany.Landmarks;
				PRODUCT_NAME = "$(TARGET_NAME)";
				SWIFT_EMIT_LOC_STRINGS = YES;
				SWIFT_VERSION = 5.0;
				TARGETED_DEVICE_FAMILY = "1,2";
			};
			name = Release;
		};
		699C29B029CA55DF0078BA26 /* Debug */ = {
			isa = XCBuildConfiguration;
			buildSettings = {
				ALWAYS_EMBED_SWIFT_STANDARD_LIBRARIES = YES;
				BUNDLE_LOADER = "$(TEST_HOST)";
				CODE_SIGN_STYLE = Automatic;
				CURRENT_PROJECT_VERSION = 1;
				GENERATE_INFOPLIST_FILE = YES;
				IPHONEOS_DEPLOYMENT_TARGET = 16.2;
				MARKETING_VERSION = 1.0;
				PRODUCT_BUNDLE_IDENTIFIER = com.testappcompany.LandmarksTests;
				PRODUCT_NAME = "$(TARGET_NAME)";
				SWIFT_EMIT_LOC_STRINGS = NO;
				SWIFT_VERSION = 5.0;
				TARGETED_DEVICE_FAMILY = "1,2";
				TEST_HOST = "$(BUILT_PRODUCTS_DIR)/Landmarks.app/$(BUNDLE_EXECUTABLE_FOLDER_PATH)/Landmarks";
			};
			name = Debug;
		};
		699C29B129CA55DF0078BA26 /* Release */ = {
			isa = XCBuildConfiguration;
			buildSettings = {
				ALWAYS_EMBED_SWIFT_STANDARD_LIBRARIES = YES;
				BUNDLE_LOADER = "$(TEST_HOST)";
				CODE_SIGN_STYLE = Automatic;
				CURRENT_PROJECT_VERSION = 1;
				GENERATE_INFOPLIST_FILE = YES;
				IPHONEOS_DEPLOYMENT_TARGET = 16.2;
				MARKETING_VERSION = 1.0;
				PRODUCT_BUNDLE_IDENTIFIER = com.testappcompany.LandmarksTests;
				PRODUCT_NAME = "$(TARGET_NAME)";
				SWIFT_EMIT_LOC_STRINGS = NO;
				SWIFT_VERSION = 5.0;
				TARGETED_DEVICE_FAMILY = "1,2";
				TEST_HOST = "$(BUILT_PRODUCTS_DIR)/Landmarks.app/$(BUNDLE_EXECUTABLE_FOLDER_PATH)/Landmarks";
			};
			name = Release;
		};
		699C29B329CA55DF0078BA26 /* Debug */ = {
			isa = XCBuildConfiguration;
			buildSettings = {
				ALWAYS_EMBED_SWIFT_STANDARD_LIBRARIES = YES;
				CODE_SIGN_STYLE = Automatic;
				CURRENT_PROJECT_VERSION = 1;
				GENERATE_INFOPLIST_FILE = YES;
				MARKETING_VERSION = 1.0;
				PRODUCT_BUNDLE_IDENTIFIER = com.testappcompany.LandmarksUITests;
				PRODUCT_NAME = "$(TARGET_NAME)";
				SWIFT_EMIT_LOC_STRINGS = NO;
				SWIFT_VERSION = 5.0;
				TARGETED_DEVICE_FAMILY = "1,2";
				TEST_TARGET_NAME = Landmarks;
			};
			name = Debug;
		};
		699C29B429CA55DF0078BA26 /* Release */ = {
			isa = XCBuildConfiguration;
			buildSettings = {
				ALWAYS_EMBED_SWIFT_STANDARD_LIBRARIES = YES;
				CODE_SIGN_STYLE = Automatic;
				CURRENT_PROJECT_VERSION = 1;
				GENERATE_INFOPLIST_FILE = YES;
				MARKETING_VERSION = 1.0;
				PRODUCT_BUNDLE_IDENTIFIER = com.testappcompany.LandmarksUITests;
				PRODUCT_NAME = "$(TARGET_NAME)";
				SWIFT_EMIT_LOC_STRINGS = NO;
				SWIFT_VERSION = 5.0;
				TARGETED_DEVICE_FAMILY = "1,2";
				TEST_TARGET_NAME = Landmarks;
			};
			name = Release;
		};
/* End XCBuildConfiguration section */

/* Begin XCConfigurationList section */
		699C298329CA55DC0078BA26 /* Build configuration list for PBXProject "Landmarks" */ = {
			isa = XCConfigurationList;
			buildConfigurations = (
				699C29AA29CA55DF0078BA26 /* Debug */,
				699C29AB29CA55DF0078BA26 /* Release */,
			);
			defaultConfigurationIsVisible = 0;
			defaultConfigurationName = Release;
		};
		699C29AC29CA55DF0078BA26 /* Build configuration list for PBXNativeTarget "Landmarks" */ = {
			isa = XCConfigurationList;
			buildConfigurations = (
				699C29AD29CA55DF0078BA26 /* Debug */,
				699C29AE29CA55DF0078BA26 /* Release */,
			);
			defaultConfigurationIsVisible = 0;
			defaultConfigurationName = Release;
		};
		699C29AF29CA55DF0078BA26 /* Build configuration list for PBXNativeTarget "LandmarksTests" */ = {
			isa = XCConfigurationList;
			buildConfigurations = (
				699C29B029CA55DF0078BA26 /* Debug */,
				699C29B129CA55DF0078BA26 /* Release */,
			);
			defaultConfigurationIsVisible = 0;
			defaultConfigurationName = Release;
		};
		699C29B229CA55DF0078BA26 /* Build configuration list for PBXNativeTarget "LandmarksUITests" */ = {
			isa = XCConfigurationList;
			buildConfigurations = (
				699C29B329CA55DF0078BA26 /* Debug */,
				699C29B429CA55DF0078BA26 /* Release */,
			);
			defaultConfigurationIsVisible = 0;
			defaultConfigurationName = Release;
		};
/* End XCConfigurationList section */
	};
	rootObject = 699C298029CA55DC0078BA26 /* Project object */;
}
